
Microsoft Visual Studio Solution File, Format Version 12.00
# Visual Studio Version 16
VisualStudioVersion = 16.0.29709.97
MinimumVisualStudioVersion = 10.0.40219.1
Project("{FAE04EC0-301F-11D3-BF4B-00C04F79EFBC}") = "TestUWP.UWP", "TestUWP\TestUWP.UWP\TestUWP.UWP.csproj", "{A210CBC2-5B62-4A72-91E8-76AE32866FE0}"
EndProject
Project("{FAE04EC0-301F-11D3-BF4B-00C04F79EFBC}") = "TestUWP", "TestUWP\TestUWP\TestUWP.csproj", "{F4B63375-54EE-461D-BCE7-17102BB76BE6}"
EndProject
Project("{FAE04EC0-301F-11D3-BF4B-00C04F79EFBC}") = "TP_Layouts.UWP", "TP_Layouts\TP_Layouts.UWP\TP_Layouts.UWP.csproj", "{11FEC27B-B4CB-4DEB-A52E-B6D85EB6574F}"
EndProject
Project("{FAE04EC0-301F-11D3-BF4B-00C04F79EFBC}") = "TP_Layouts", "TP_Layouts\TP_Layouts\TP_Layouts.csproj", "{162CDC8B-AB15-49D4-96BF-155FC0A01B69}"
EndProject
Global
	GlobalSection(SolutionConfigurationPlatforms) = preSolution
		Debug|Any CPU = Debug|Any CPU
		Debug|ARM = Debug|ARM
		Debug|x64 = Debug|x64
		Debug|x86 = Debug|x86
		Release|Any CPU = Release|Any CPU
		Release|ARM = Release|ARM
		Release|x64 = Release|x64
		Release|x86 = Release|x86
	EndGlobalSection
	GlobalSection(ProjectConfigurationPlatforms) = postSolution
		{A210CBC2-5B62-4A72-91E8-76AE32866FE0}.Debug|Any CPU.ActiveCfg = Debug|x86
		{A210CBC2-5B62-4A72-91E8-76AE32866FE0}.Debug|Any CPU.Build.0 = Debug|x86
		{A210CBC2-5B62-4A72-91E8-76AE32866FE0}.Debug|Any CPU.Deploy.0 = Debug|x86
		{A210CBC2-5B62-4A72-91E8-76AE32866FE0}.Debug|ARM.ActiveCfg = Debug|ARM
		{A210CBC2-5B62-4A72-91E8-76AE32866FE0}.Debug|ARM.Build.0 = Debug|ARM
		{A210CBC2-5B62-4A72-91E8-76AE32866FE0}.Debug|ARM.Deploy.0 = Debug|ARM
		{A210CBC2-5B62-4A72-91E8-76AE32866FE0}.Debug|x64.ActiveCfg = Debug|x64
		{A210CBC2-5B62-4A72-91E8-76AE32866FE0}.Debug|x64.Build.0 = Debug|x64
		{A210CBC2-5B62-4A72-91E8-76AE32866FE0}.Debug|x64.Deploy.0 = Debug|x64
		{A210CBC2-5B62-4A72-91E8-76AE32866FE0}.Debug|x86.ActiveCfg = Debug|x86
		{A210CBC2-5B62-4A72-91E8-76AE32866FE0}.Debug|x86.Build.0 = Debug|x86
		{A210CBC2-5B62-4A72-91E8-76AE32866FE0}.Debug|x86.Deploy.0 = Debug|x86
		{A210CBC2-5B62-4A72-91E8-76AE32866FE0}.Release|Any CPU.ActiveCfg = Release|x86
		{A210CBC2-5B62-4A72-91E8-76AE32866FE0}.Release|Any CPU.Build.0 = Release|x86
		{A210CBC2-5B62-4A72-91E8-76AE32866FE0}.Release|Any CPU.Deploy.0 = Release|x86
		{A210CBC2-5B62-4A72-91E8-76AE32866FE0}.Release|ARM.ActiveCfg = Release|ARM
		{A210CBC2-5B62-4A72-91E8-76AE32866FE0}.Release|ARM.Build.0 = Release|ARM
		{A210CBC2-5B62-4A72-91E8-76AE32866FE0}.Release|ARM.Deploy.0 = Release|ARM
		{A210CBC2-5B62-4A72-91E8-76AE32866FE0}.Release|x64.ActiveCfg = Release|x64
		{A210CBC2-5B62-4A72-91E8-76AE32866FE0}.Release|x64.Build.0 = Release|x64
		{A210CBC2-5B62-4A72-91E8-76AE32866FE0}.Release|x64.Deploy.0 = Release|x64
		{A210CBC2-5B62-4A72-91E8-76AE32866FE0}.Release|x86.ActiveCfg = Release|x86
		{A210CBC2-5B62-4A72-91E8-76AE32866FE0}.Release|x86.Build.0 = Release|x86
		{A210CBC2-5B62-4A72-91E8-76AE32866FE0}.Release|x86.Deploy.0 = Release|x86
		{F4B63375-54EE-461D-BCE7-17102BB76BE6}.Debug|Any CPU.ActiveCfg = Debug|Any CPU
		{F4B63375-54EE-461D-BCE7-17102BB76BE6}.Debug|Any CPU.Build.0 = Debug|Any CPU
		{F4B63375-54EE-461D-BCE7-17102BB76BE6}.Debug|Any CPU.Deploy.0 = Debug|Any CPU
		{F4B63375-54EE-461D-BCE7-17102BB76BE6}.Debug|ARM.ActiveCfg = Debug|Any CPU
		{F4B63375-54EE-461D-BCE7-17102BB76BE6}.Debug|ARM.Build.0 = Debug|Any CPU
		{F4B63375-54EE-461D-BCE7-17102BB76BE6}.Debug|ARM.Deploy.0 = Debug|Any CPU
		{F4B63375-54EE-461D-BCE7-17102BB76BE6}.Debug|x64.ActiveCfg = Debug|Any CPU
		{F4B63375-54EE-461D-BCE7-17102BB76BE6}.Debug|x64.Build.0 = Debug|Any CPU
		{F4B63375-54EE-461D-BCE7-17102BB76BE6}.Debug|x64.Deploy.0 = Debug|Any CPU
		{F4B63375-54EE-461D-BCE7-17102BB76BE6}.Debug|x86.ActiveCfg = Debug|Any CPU
		{F4B63375-54EE-461D-BCE7-17102BB76BE6}.Debug|x86.Build.0 = Debug|Any CPU
		{F4B63375-54EE-461D-BCE7-17102BB76BE6}.Debug|x86.Deploy.0 = Debug|Any CPU
		{F4B63375-54EE-461D-BCE7-17102BB76BE6}.Release|Any CPU.ActiveCfg = Release|Any CPU
		{F4B63375-54EE-461D-BCE7-17102BB76BE6}.Release|Any CPU.Build.0 = Release|Any CPU
		{F4B63375-54EE-461D-BCE7-17102BB76BE6}.Release|Any CPU.Deploy.0 = Release|Any CPU
		{F4B63375-54EE-461D-BCE7-17102BB76BE6}.Release|ARM.ActiveCfg = Release|Any CPU
		{F4B63375-54EE-461D-BCE7-17102BB76BE6}.Release|ARM.Build.0 = Release|Any CPU
		{F4B63375-54EE-461D-BCE7-17102BB76BE6}.Release|ARM.Deploy.0 = Release|Any CPU
		{F4B63375-54EE-461D-BCE7-17102BB76BE6}.Release|x64.ActiveCfg = Release|Any CPU
		{F4B63375-54EE-461D-BCE7-17102BB76BE6}.Release|x64.Build.0 = Release|Any CPU
		{F4B63375-54EE-461D-BCE7-17102BB76BE6}.Release|x64.Deploy.0 = Release|Any CPU
		{F4B63375-54EE-461D-BCE7-17102BB76BE6}.Release|x86.ActiveCfg = Release|Any CPU
		{F4B63375-54EE-461D-BCE7-17102BB76BE6}.Release|x86.Build.0 = Release|Any CPU
		{F4B63375-54EE-461D-BCE7-17102BB76BE6}.Release|x86.Deploy.0 = Release|Any CPU
		{11FEC27B-B4CB-4DEB-A52E-B6D85EB6574F}.Debug|Any CPU.ActiveCfg = Debug|x86
		{11FEC27B-B4CB-4DEB-A52E-B6D85EB6574F}.Debug|ARM.ActiveCfg = Debug|ARM
		{11FEC27B-B4CB-4DEB-A52E-B6D85EB6574F}.Debug|ARM.Build.0 = Debug|ARM
		{11FEC27B-B4CB-4DEB-A52E-B6D85EB6574F}.Debug|ARM.Deploy.0 = Debug|ARM
		{11FEC27B-B4CB-4DEB-A52E-B6D85EB6574F}.Debug|x64.ActiveCfg = Debug|x64
		{11FEC27B-B4CB-4DEB-A52E-B6D85EB6574F}.Debug|x64.Build.0 = Debug|x64
		{11FEC27B-B4CB-4DEB-A52E-B6D85EB6574F}.Debug|x64.Deploy.0 = Debug|x64
		{11FEC27B-B4CB-4DEB-A52E-B6D85EB6574F}.Debug|x86.ActiveCfg = Debug|x86
		{11FEC27B-B4CB-4DEB-A52E-B6D85EB6574F}.Debug|x86.Build.0 = Debug|x86
		{11FEC27B-B4CB-4DEB-A52E-B6D85EB6574F}.Debug|x86.Deploy.0 = Debug|x86
		{11FEC27B-B4CB-4DEB-A52E-B6D85EB6574F}.Release|Any CPU.ActiveCfg = Release|x86
		{11FEC27B-B4CB-4DEB-A52E-B6D85EB6574F}.Release|ARM.ActiveCfg = Release|ARM
		{11FEC27B-B4CB-4DEB-A52E-B6D85EB6574F}.Release|ARM.Build.0 = Release|ARM
		{11FEC27B-B4CB-4DEB-A52E-B6D85EB6574F}.Release|ARM.Deploy.0 = Release|ARM
		{11FEC27B-B4CB-4DEB-A52E-B6D85EB6574F}.Release|x64.ActiveCfg = Release|x64
		{11FEC27B-B4CB-4DEB-A52E-B6D85EB6574F}.Release|x64.Build.0 = Release|x64
		{11FEC27B-B4CB-4DEB-A52E-B6D85EB6574F}.Release|x64.Deploy.0 = Release|x64
		{11FEC27B-B4CB-4DEB-A52E-B6D85EB6574F}.Release|x86.ActiveCfg = Release|x86
		{11FEC27B-B4CB-4DEB-A52E-B6D85EB6574F}.Release|x86.Build.0 = Release|x86
		{11FEC27B-B4CB-4DEB-A52E-B6D85EB6574F}.Release|x86.Deploy.0 = Release|x86
		{162CDC8B-AB15-49D4-96BF-155FC0A01B69}.Debug|Any CPU.ActiveCfg = Debug|Any CPU
		{162CDC8B-AB15-49D4-96BF-155FC0A01B69}.Debug|Any CPU.Build.0 = Debug|Any CPU
		{162CDC8B-AB15-49D4-96BF-155FC0A01B69}.Debug|ARM.ActiveCfg = Debug|Any CPU
		{162CDC8B-AB15-49D4-96BF-155FC0A01B69}.Debug|ARM.Build.0 = Debug|Any CPU
		{162CDC8B-AB15-49D4-96BF-155FC0A01B69}.Debug|x64.ActiveCfg = Debug|Any CPU
		{162CDC8B-AB15-49D4-96BF-155FC0A01B69}.Debug|x64.Build.0 = Debug|Any CPU
		{162CDC8B-AB15-49D4-96BF-155FC0A01B69}.Debug|x86.ActiveCfg = Debug|Any CPU
		{162CDC8B-AB15-49D4-96BF-155FC0A01B69}.Debug|x86.Build.0 = Debug|Any CPU
		{162CDC8B-AB15-49D4-96BF-155FC0A01B69}.Release|Any CPU.ActiveCfg = Release|Any CPU
		{162CDC8B-AB15-49D4-96BF-155FC0A01B69}.Release|Any CPU.Build.0 = Release|Any CPU
		{162CDC8B-AB15-49D4-96BF-155FC0A01B69}.Release|ARM.ActiveCfg = Release|Any CPU
		{162CDC8B-AB15-49D4-96BF-155FC0A01B69}.Release|ARM.Build.0 = Release|Any CPU
		{162CDC8B-AB15-49D4-96BF-155FC0A01B69}.Release|x64.ActiveCfg = Release|Any CPU
		{162CDC8B-AB15-49D4-96BF-155FC0A01B69}.Release|x64.Build.0 = Release|Any CPU
		{162CDC8B-AB15-49D4-96BF-155FC0A01B69}.Release|x86.ActiveCfg = Release|Any CPU
		{162CDC8B-AB15-49D4-96BF-155FC0A01B69}.Release|x86.Build.0 = Release|Any CPU
	EndGlobalSection
	GlobalSection(SolutionProperties) = preSolution
		HideSolutionNode = FALSE
	EndGlobalSection
	GlobalSection(ExtensibilityGlobals) = postSolution
		SolutionGuid = {B58CBD0F-5C5A-4270-80C5-82CB706C7C4C}
	EndGlobalSection
EndGlobal
